{
  "requires": true,
  "lockfileVersion": 1,
  "dependencies": {
    "@angular/core": {
      "version": "14.2.7",
      "resolved": "https://registry.npmjs.org/@angular/core/-/core-14.2.7.tgz",
      "integrity": "sha512-9u2eeKS90YPh2b0pK5LKFSxKfLIzHnzkIKQFh6bEPGj43Fl2v8CwiVJu1CAKo1Or4qBY8zspSowM6S1kgGwfeg==",
      "requires": {
        "tslib": "^2.3.0"
      }
    },
    "interacto": {
      "version": "7.3.0",
      "resolved": "https://registry.npmjs.org/interacto/-/interacto-7.3.0.tgz",
      "integrity": "sha512-U9dMy/1x5wirrTiofOPmdW8U/h8NADTTc9Akv1FRR2zjL5AwmAkH1rBEWb9tuVSNVpqjnUaPvHYzMA3GM8dGgw==",
      "requires": {
        "rxjs": "^7.5.5"
      }
    },
    "interacto-angular": {
      "version": "7.14.5",
      "resolved": "https://registry.npmjs.org/interacto-angular/-/interacto-angular-7.14.5.tgz",
      "integrity": "sha512-1qnGnN3cTIe7QexMiys5gQpug+G38iGCfKULYmoOZ9lATpgkv7n4CC7cq3pykyE1xCEHqvDrEmRiVsgYU1JIKA==",
      "requires": {
        "tslib": "^2.3.0"
      }
    },
    "rxjs": {
      "version": "7.5.7",
      "resolved": "https://registry.npmjs.org/rxjs/-/rxjs-7.5.7.tgz",
      "integrity": "sha512-z9MzKh/UcOqB3i20H6rtrlaE/CgjLOvheWK/9ILrbhROGTweAi1BaFsTT9FbwZi5Trr1qNRs+MXkhmR06awzQA==",
      "requires": {
        "tslib": "^2.1.0"
      }
    },
    "tslib": {
      "version": "2.4.0",
      "resolved": "https://registry.npmjs.org/tslib/-/tslib-2.4.0.tgz",
      "integrity": "sha512-d6xOpEDfsi2CZVlPQzGeux8XMwLT9hssAsaPYExaQMuYskwb+x1x7J371tWlbBdWHroy99KnVB6qIkUbs5X3UQ=="
    }
  }
}
